// !$*UTF8*$!
{
	archiveVersion = 1;
	classes = {
	};
	objectVersion = 50;
	objects = {

/* Begin PBXBuildFile section */
		E4B0241326826173002CBFDC /* AppDelegate.m in Sources */ = {isa = PBXBuildFile; fileRef = E4B0241226826173002CBFDC /* AppDelegate.m */; };
		E4B0241626826173002CBFDC /* SceneDelegate.m in Sources */ = {isa = PBXBuildFile; fileRef = E4B0241526826173002CBFDC /* SceneDelegate.m */; };
		E4B0241C26826173002CBFDC /* Main.storyboard in Resources */ = {isa = PBXBuildFile; fileRef = E4B0241A26826173002CBFDC /* Main.storyboard */; };
		E4B0241E26826174002CBFDC /* Assets.xcassets in Resources */ = {isa = PBXBuildFile; fileRef = E4B0241D26826174002CBFDC /* Assets.xcassets */; };
		E4B0242126826174002CBFDC /* LaunchScreen.storyboard in Resources */ = {isa = PBXBuildFile; fileRef = E4B0241F26826174002CBFDC /* LaunchScreen.storyboard */; };
		E4B0242426826174002CBFDC /* main.m in Sources */ = {isa = PBXBuildFile; fileRef = E4B0242326826174002CBFDC /* main.m */; };
		E4B0242E26826174002CBFDC /* TippyTests.m in Sources */ = {isa = PBXBuildFile; fileRef = E4B0242D26826174002CBFDC /* TippyTests.m */; };
		E4B0243926826174002CBFDC /* TippyUITests.m in Sources */ = {isa = PBXBuildFile; fileRef = E4B0243826826174002CBFDC /* TippyUITests.m */; };
		E4B0244826826F01002CBFDC /* TipViewController.m in Sources */ = {isa = PBXBuildFile; fileRef = E4B0244726826F01002CBFDC /* TipViewController.m */; };
/* End PBXBuildFile section */

/* Begin PBXContainerItemProxy section */
		E4B0242A26826174002CBFDC /* PBXContainerItemProxy */ = {
			isa = PBXContainerItemProxy;
			containerPortal = E4B0240626826173002CBFDC /* Project object */;
			proxyType = 1;
			remoteGlobalIDString = E4B0240D26826173002CBFDC;
			remoteInfo = Tippy;
		};
		E4B0243526826174002CBFDC /* PBXContainerItemProxy */ = {
			isa = PBXContainerItemProxy;
			containerPortal = E4B0240626826173002CBFDC /* Project object */;
			proxyType = 1;
			remoteGlobalIDString = E4B0240D26826173002CBFDC;
			remoteInfo = Tippy;
		};
/* End PBXContainerItemProxy section */

/* Begin PBXFileReference section */
		E4B0240E26826173002CBFDC /* Tippy.app */ = {isa = PBXFileReference; explicitFileType = wrapper.application; includeInIndex = 0; path = Tippy.app; sourceTree = BUILT_PRODUCTS_DIR; };
		E4B0241126826173002CBFDC /* AppDelegate.h */ = {isa = PBXFileReference; lastKnownFileType = sourcecode.c.h; path = AppDelegate.h; sourceTree = "<group>"; };
		E4B0241226826173002CBFDC /* AppDelegate.m */ = {isa = PBXFileReference; lastKnownFileType = sourcecode.c.objc; path = AppDelegate.m; sourceTree = "<group>"; };
		E4B0241426826173002CBFDC /* SceneDelegate.h */ = {isa = PBXFileReference; lastKnownFileType = sourcecode.c.h; path = SceneDelegate.h; sourceTree = "<group>"; };
		E4B0241526826173002CBFDC /* SceneDelegate.m */ = {isa = PBXFileReference; lastKnownFileType = sourcecode.c.objc; path = SceneDelegate.m; sourceTree = "<group>"; };
		E4B0241B26826173002CBFDC /* Base */ = {isa = PBXFileReference; lastKnownFileType = file.storyboard; name = Base; path = Base.lproj/Main.storyboard; sourceTree = "<group>"; };
		E4B0241D26826174002CBFDC /* Assets.xcassets */ = {isa = PBXFileReference; lastKnownFileType = folder.assetcatalog; path = Assets.xcassets; sourceTree = "<group>"; };
		E4B0242026826174002CBFDC /* Base */ = {isa = PBXFileReference; lastKnownFileType = file.storyboard; name = Base; path = Base.lproj/LaunchScreen.storyboard; sourceTree = "<group>"; };
		E4B0242226826174002CBFDC /* Info.plist */ = {isa = PBXFileReference; lastKnownFileType = text.plist.xml; path = Info.plist; sourceTree = "<group>"; };
		E4B0242326826174002CBFDC /* main.m */ = {isa = PBXFileReference; lastKnownFileType = sourcecode.c.objc; path = main.m; sourceTree = "<group>"; };
		E4B0242926826174002CBFDC /* TippyTests.xctest */ = {isa = PBXFileReference; explicitFileType = wrapper.cfbundle; includeInIndex = 0; path = TippyTests.xctest; sourceTree = BUILT_PRODUCTS_DIR; };
		E4B0242D26826174002CBFDC /* TippyTests.m */ = {isa = PBXFileReference; lastKnownFileType = sourcecode.c.objc; path = TippyTests.m; sourceTree = "<group>"; };
		E4B0242F26826174002CBFDC /* Info.plist */ = {isa = PBXFileReference; lastKnownFileType = text.plist.xml; path = Info.plist; sourceTree = "<group>"; };
		E4B0243426826174002CBFDC /* TippyUITests.xctest */ = {isa = PBXFileReference; explicitFileType = wrapper.cfbundle; includeInIndex = 0; path = TippyUITests.xctest; sourceTree = BUILT_PRODUCTS_DIR; };
		E4B0243826826174002CBFDC /* TippyUITests.m */ = {isa = PBXFileReference; lastKnownFileType = sourcecode.c.objc; path = TippyUITests.m; sourceTree = "<group>"; };
		E4B0243A26826174002CBFDC /* Info.plist */ = {isa = PBXFileReference; lastKnownFileType = text.plist.xml; path = Info.plist; sourceTree = "<group>"; };
		E4B0244626826F01002CBFDC /* TipViewController.h */ = {isa = PBXFileReference; lastKnownFileType = sourcecode.c.h; path = TipViewController.h; sourceTree = "<group>"; };
		E4B0244726826F01002CBFDC /* TipViewController.m */ = {isa = PBXFileReference; lastKnownFileType = sourcecode.c.objc; path = TipViewController.m; sourceTree = "<group>"; };
/* End PBXFileReference section */

/* Begin PBXFrameworksBuildPhase section */
		E4B0240B26826173002CBFDC /* Frameworks */ = {
			isa = PBXFrameworksBuildPhase;
			buildActionMask = 2147483647;
			files = (
			);
			runOnlyForDeploymentPostprocessing = 0;
		};
		E4B0242626826174002CBFDC /* Frameworks */ = {
			isa = PBXFrameworksBuildPhase;
			buildActionMask = 2147483647;
			files = (
			);
			runOnlyForDeploymentPostprocessing = 0;
		};
		E4B0243126826174002CBFDC /* Frameworks */ = {
			isa = PBXFrameworksBuildPhase;
			buildActionMask = 2147483647;
			files = (
			);
			runOnlyForDeploymentPostprocessing = 0;
		};
/* End PBXFrameworksBuildPhase section */

/* Begin PBXGroup section */
		E4B0240526826173002CBFDC = {
			isa = PBXGroup;
			children = (
				E4B0241026826173002CBFDC /* Tippy */,
				E4B0242C26826174002CBFDC /* TippyTests */,
				E4B0243726826174002CBFDC /* TippyUITests */,
				E4B0240F26826173002CBFDC /* Products */,
			);
			sourceTree = "<group>";
		};
		E4B0240F26826173002CBFDC /* Products */ = {
			isa = PBXGroup;
			children = (
				E4B0240E26826173002CBFDC /* Tippy.app */,
				E4B0242926826174002CBFDC /* TippyTests.xctest */,
				E4B0243426826174002CBFDC /* TippyUITests.xctest */,
			);
			name = Products;
			sourceTree = "<group>";
		};
		E4B0241026826173002CBFDC /* Tippy */ = {
			isa = PBXGroup;
			children = (
				E4B0241126826173002CBFDC /* AppDelegate.h */,
				E4B0241226826173002CBFDC /* AppDelegate.m */,
				E4B0241426826173002CBFDC /* SceneDelegate.h */,
				E4B0241526826173002CBFDC /* SceneDelegate.m */,
				E4B0241A26826173002CBFDC /* Main.storyboard */,
				E4B0244626826F01002CBFDC /* TipViewController.h */,
				E4B0244726826F01002CBFDC /* TipViewController.m */,
				E4B0241D26826174002CBFDC /* Assets.xcassets */,
				E4B0241F26826174002CBFDC /* LaunchScreen.storyboard */,
				E4B0242226826174002CBFDC /* Info.plist */,
				E4B0242326826174002CBFDC /* main.m */,
			);
			path = Tippy;
			sourceTree = "<group>";
		};
		E4B0242C26826174002CBFDC /* TippyTests */ = {
			isa = PBXGroup;
			children = (
				E4B0242D26826174002CBFDC /* TippyTests.m */,
				E4B0242F26826174002CBFDC /* Info.plist */,
			);
			path = TippyTests;
			sourceTree = "<group>";
		};
		E4B0243726826174002CBFDC /* TippyUITests */ = {
			isa = PBXGroup;
			children = (
				E4B0243826826174002CBFDC /* TippyUITests.m */,
				E4B0243A26826174002CBFDC /* Info.plist */,
			);
			path = TippyUITests;
			sourceTree = "<group>";
		};
/* End PBXGroup section */

/* Begin PBXNativeTarget section */
		E4B0240D26826173002CBFDC /* Tippy */ = {
			isa = PBXNativeTarget;
			buildConfigurationList = E4B0243D26826174002CBFDC /* Build configuration list for PBXNativeTarget "Tippy" */;
			buildPhases = (
				E4B0240A26826173002CBFDC /* Sources */,
				E4B0240B26826173002CBFDC /* Frameworks */,
				E4B0240C26826173002CBFDC /* Resources */,
			);
			buildRules = (
			);
			dependencies = (
			);
			name = Tippy;
			productName = Tippy;
			productReference = E4B0240E26826173002CBFDC /* Tippy.app */;
			productType = "com.apple.product-type.application";
		};
		E4B0242826826174002CBFDC /* TippyTests */ = {
			isa = PBXNativeTarget;
			buildConfigurationList = E4B0244026826174002CBFDC /* Build configuration list for PBXNativeTarget "TippyTests" */;
			buildPhases = (
				E4B0242526826174002CBFDC /* Sources */,
				E4B0242626826174002CBFDC /* Frameworks */,
				E4B0242726826174002CBFDC /* Resources */,
			);
			buildRules = (
			);
			dependencies = (
				E4B0242B26826174002CBFDC /* PBXTargetDependency */,
			);
			name = TippyTests;
			productName = TippyTests;
			productReference = E4B0242926826174002CBFDC /* TippyTests.xctest */;
			productType = "com.apple.product-type.bundle.unit-test";
		};
		E4B0243326826174002CBFDC /* TippyUITests */ = {
			isa = PBXNativeTarget;
			buildConfigurationList = E4B0244326826174002CBFDC /* Build configuration list for PBXNativeTarget "TippyUITests" */;
			buildPhases = (
				E4B0243026826174002CBFDC /* Sources */,
				E4B0243126826174002CBFDC /* Frameworks */,
				E4B0243226826174002CBFDC /* Resources */,
			);
			buildRules = (
			);
			dependencies = (
				E4B0243626826174002CBFDC /* PBXTargetDependency */,
			);
			name = TippyUITests;
			productName = TippyUITests;
			productReference = E4B0243426826174002CBFDC /* TippyUITests.xctest */;
			productType = "com.apple.product-type.bundle.ui-testing";
		};
/* End PBXNativeTarget section */

/* Begin PBXProject section */
		E4B0240626826173002CBFDC /* Project object */ = {
			isa = PBXProject;
			attributes = {
				LastUpgradeCheck = 1250;
				TargetAttributes = {
					E4B0240D26826173002CBFDC = {
						CreatedOnToolsVersion = 12.5.1;
					};
					E4B0242826826174002CBFDC = {
						CreatedOnToolsVersion = 12.5.1;
						TestTargetID = E4B0240D26826173002CBFDC;
					};
					E4B0243326826174002CBFDC = {
						CreatedOnToolsVersion = 12.5.1;
						TestTargetID = E4B0240D26826173002CBFDC;
					};
				};
			};
			buildConfigurationList = E4B0240926826173002CBFDC /* Build configuration list for PBXProject "Tippy" */;
			compatibilityVersion = "Xcode 9.3";
			developmentRegion = en;
			hasScannedForEncodings = 0;
			knownRegions = (
				en,
				Base,
			);
			mainGroup = E4B0240526826173002CBFDC;
			productRefGroup = E4B0240F26826173002CBFDC /* Products */;
			projectDirPath = "";
			projectRoot = "";
			targets = (
				E4B0240D26826173002CBFDC /* Tippy */,
				E4B0242826826174002CBFDC /* TippyTests */,
				E4B0243326826174002CBFDC /* TippyUITests */,
			);
		};
/* End PBXProject section */

/* Begin PBXResourcesBuildPhase section */
		E4B0240C26826173002CBFDC /* Resources */ = {
			isa = PBXResourcesBuildPhase;
			buildActionMask = 2147483647;
			files = (
				E4B0242126826174002CBFDC /* LaunchScreen.storyboard in Resources */,
				E4B0241E26826174002CBFDC /* Assets.xcassets in Resources */,
				E4B0241C26826173002CBFDC /* Main.storyboard in Resources */,
			);
			runOnlyForDeploymentPostprocessing = 0;
		};
		E4B0242726826174002CBFDC /* Resources */ = {
			isa = PBXResourcesBuildPhase;
			buildActionMask = 2147483647;
			files = (
			);
			runOnlyForDeploymentPostprocessing = 0;
		};
		E4B0243226826174002CBFDC /* Resources */ = {
			isa = PBXResourcesBuildPhase;
			buildActionMask = 2147483647;
			files = (
			);
			runOnlyForDeploymentPostprocessing = 0;
		};
/* End PBXResourcesBuildPhase section */

/* Begin PBXSourcesBuildPhase section */
		E4B0240A26826173002CBFDC /* Sources */ = {
			isa = PBXSourcesBuildPhase;
			buildActionMask = 2147483647;
			files = (
				E4B0241326826173002CBFDC /* AppDelegate.m in Sources */,
				E4B0242426826174002CBFDC /* main.m in Sources */,
				E4B0244826826F01002CBFDC /* TipViewController.m in Sources */,
				E4B0241626826173002CBFDC /* SceneDelegate.m in Sources */,
			);
			runOnlyForDeploymentPostprocessing = 0;
		};
		E4B0242526826174002CBFDC /* Sources */ = {
			isa = PBXSourcesBuildPhase;
			buildActionMask = 2147483647;
			files = (
				E4B0242E26826174002CBFDC /* TippyTests.m in Sources */,
			);
			runOnlyForDeploymentPostprocessing = 0;
		};
		E4B0243026826174002CBFDC /* Sources */ = {
			isa = PBXSourcesBuildPhase;
			buildActionMask = 2147483647;
			files = (
				E4B0243926826174002CBFDC /* TippyUITests.m in Sources */,
			);
			runOnlyForDeploymentPostprocessing = 0;
		};
/* End PBXSourcesBuildPhase section */

/* Begin PBXTargetDependency section */
		E4B0242B26826174002CBFDC /* PBXTargetDependency */ = {
			isa = PBXTargetDependency;
			target = E4B0240D26826173002CBFDC /* Tippy */;
			targetProxy = E4B0242A26826174002CBFDC /* PBXContainerItemProxy */;
		};
		E4B0243626826174002CBFDC /* PBXTargetDependency */ = {
			isa = PBXTargetDependency;
			target = E4B0240D26826173002CBFDC /* Tippy */;
			targetProxy = E4B0243526826174002CBFDC /* PBXContainerItemProxy */;
		};
/* End PBXTargetDependency section */

/* Begin PBXVariantGroup section */
		E4B0241A26826173002CBFDC /* Main.storyboard */ = {
			isa = PBXVariantGroup;
			children = (
				E4B0241B26826173002CBFDC /* Base */,
			);
			name = Main.storyboard;
			sourceTree = "<group>";
		};
		E4B0241F26826174002CBFDC /* LaunchScreen.storyboard */ = {
			isa = PBXVariantGroup;
			children = (
				E4B0242026826174002CBFDC /* Base */,
			);
			name = LaunchScreen.storyboard;
			sourceTree = "<group>";
		};
/* End PBXVariantGroup section */

/* Begin XCBuildConfiguration section */
		E4B0243B26826174002CBFDC /* Debug */ = {
			isa = XCBuildConfiguration;
			buildSettings = {
				ALWAYS_SEARCH_USER_PATHS = NO;
				CLANG_ANALYZER_NONNULL = YES;
				CLANG_ANALYZER_NUMBER_OBJECT_CONVERSION = YES_AGGRESSIVE;
				CLANG_CXX_LANGUAGE_STANDARD = "gnu++14";
				CLANG_CXX_LIBRARY = "libc++";
				CLANG_ENABLE_MODULES = YES;
				CLANG_ENABLE_OBJC_ARC = YES;
				CLANG_ENABLE_OBJC_WEAK = YES;
				CLANG_WARN_BLOCK_CAPTURE_AUTORELEASING = YES;
				CLANG_WARN_BOOL_CONVERSION = YES;
				CLANG_WARN_COMMA = YES;
				CLANG_WARN_CONSTANT_CONVERSION = YES;
				CLANG_WARN_DEPRECATED_OBJC_IMPLEMENTATIONS = YES;
				CLANG_WARN_DIRECT_OBJC_ISA_USAGE = YES_ERROR;
				CLANG_WARN_DOCUMENTATION_COMMENTS = YES;
				CLANG_WARN_EMPTY_BODY = YES;
				CLANG_WARN_ENUM_CONVERSION = YES;
				CLANG_WARN_INFINITE_RECURSION = YES;
				CLANG_WARN_INT_CONVERSION = YES;
				CLANG_WARN_NON_LITERAL_NULL_CONVERSION = YES;
				CLANG_WARN_OBJC_IMPLICIT_RETAIN_SELF = YES;
				CLANG_WARN_OBJC_LITERAL_CONVERSION = YES;
				CLANG_WARN_OBJC_ROOT_CLASS = YES_ERROR;
				CLANG_WARN_QUOTED_INCLUDE_IN_FRAMEWORK_HEADER = YES;
				CLANG_WARN_RANGE_LOOP_ANALYSIS = YES;
				CLANG_WARN_STRICT_PROTOTYPES = YES;
				CLANG_WARN_SUSPICIOUS_MOVE = YES;
				CLANG_WARN_UNGUARDED_AVAILABILITY = YES_AGGRESSIVE;
				CLANG_WARN_UNREACHABLE_CODE = YES;
				CLANG_WARN__DUPLICATE_METHOD_MATCH = YES;
				COPY_PHASE_STRIP = NO;
				DEBUG_INFORMATION_FORMAT = dwarf;
				ENABLE_STRICT_OBJC_MSGSEND = YES;
				ENABLE_TESTABILITY = YES;
				GCC_C_LANGUAGE_STANDARD = gnu11;
				GCC_DYNAMIC_NO_PIC = NO;
				GCC_NO_COMMON_BLOCKS = YES;
				GCC_OPTIMIZATION_LEVEL = 0;
				GCC_PREPROCESSOR_DEFINITIONS = (
					"DEBUG=1",
					"$(inherited)",
				);
				GCC_WARN_64_TO_32_BIT_CONVERSION = YES;
				GCC_WARN_ABOUT_RETURN_TYPE = YES_ERROR;
				GCC_WARN_UNDECLARED_SELECTOR = YES;
				GCC_WARN_UNINITIALIZED_AUTOS = YES_AGGRESSIVE;
				GCC_WARN_UNUSED_FUNCTION = YES;
				GCC_WARN_UNUSED_VARIABLE = YES;
				IPHONEOS_DEPLOYMENT_TARGET = 14.5;
				MTL_ENABLE_DEBUG_INFO = INCLUDE_SOURCE;
				MTL_FAST_MATH = YES;
				ONLY_ACTIVE_ARCH = YES;
				SDKROOT = iphoneos;
			};
			name = Debug;
		};
		E4B0243C26826174002CBFDC /* Release */ = {
			isa = XCBuildConfiguration;
			buildSettings = {
				ALWAYS_SEARCH_USER_PATHS = NO;
				CLANG_ANALYZER_NONNULL = YES;
				CLANG_ANALYZER_NUMBER_OBJECT_CONVERSION = YES_AGGRESSIVE;
				CLANG_CXX_LANGUAGE_STANDARD = "gnu++14";
				CLANG_CXX_LIBRARY = "libc++";
				CLANG_ENABLE_MODULES = YES;
				CLANG_ENABLE_OBJC_ARC = YES;
				CLANG_ENABLE_OBJC_WEAK = YES;
				CLANG_WARN_BLOCK_CAPTURE_AUTORELEASING = YES;
				CLANG_WARN_BOOL_CONVERSION = YES;
				CLANG_WARN_COMMA = YES;
				CLANG_WARN_CONSTANT_CONVERSION = YES;
				CLANG_WARN_DEPRECATED_OBJC_IMPLEMENTATIONS = YES;
				CLANG_WARN_DIRECT_OBJC_ISA_USAGE = YES_ERROR;
				CLANG_WARN_DOCUMENTATION_COMMENTS = YES;
				CLANG_WARN_EMPTY_BODY = YES;
				CLANG_WARN_ENUM_CONVERSION = YES;
				CLANG_WARN_INFINITE_RECURSION = YES;
				CLANG_WARN_INT_CONVERSION = YES;
				CLANG_WARN_NON_LITERAL_NULL_CONVERSION = YES;
				CLANG_WARN_OBJC_IMPLICIT_RETAIN_SELF = YES;
				CLANG_WARN_OBJC_LITERAL_CONVERSION = YES;
				CLANG_WARN_OBJC_ROOT_CLASS = YES_ERROR;
				CLANG_WARN_QUOTED_INCLUDE_IN_FRAMEWORK_HEADER = YES;
				CLANG_WARN_RANGE_LOOP_ANALYSIS = YES;
				CLANG_WARN_STRICT_PROTOTYPES = YES;
				CLANG_WARN_SUSPICIOUS_MOVE = YES;
				CLANG_WARN_UNGUARDED_AVAILABILITY = YES_AGGRESSIVE;
				CLANG_WARN_UNREACHABLE_CODE = YES;
				CLANG_WARN__DUPLICATE_METHOD_MATCH = YES;
				COPY_PHASE_STRIP = NO;
				DEBUG_INFORMATION_FORMAT = "dwarf-with-dsym";
				ENABLE_NS_ASSERTIONS = NO;
				ENABLE_STRICT_OBJC_MSGSEND = YES;
				GCC_C_LANGUAGE_STANDARD = gnu11;
				GCC_NO_COMMON_BLOCKS = YES;
				GCC_WARN_64_TO_32_BIT_CONVERSION = YES;
				GCC_WARN_ABOUT_RETURN_TYPE = YES_ERROR;
				GCC_WARN_UNDECLARED_SELECTOR = YES;
				GCC_WARN_UNINITIALIZED_AUTOS = YES_AGGRESSIVE;
				GCC_WARN_UNUSED_FUNCTION = YES;
				GCC_WARN_UNUSED_VARIABLE = YES;
				IPHONEOS_DEPLOYMENT_TARGET = 14.5;
				MTL_ENABLE_DEBUG_INFO = NO;
				MTL_FAST_MATH = YES;
				SDKROOT = iphoneos;
				VALIDATE_PRODUCT = YES;
			};
			name = Release;
		};
		E4B0243E26826174002CBFDC /* Debug */ = {
			isa = XCBuildConfiguration;
			buildSettings = {
				ASSETCATALOG_COMPILER_APPICON_NAME = AppIcon;
				ASSETCATALOG_COMPILER_GLOBAL_ACCENT_COLOR_NAME = AccentColor;
				CODE_SIGN_STYLE = Automatic;
				DEVELOPMENT_TEAM = 7T7B37B46A;
				INFOPLIST_FILE = Tippy/Info.plist;
				LD_RUNPATH_SEARCH_PATHS = (
					"$(inherited)",
					"@executable_path/Frameworks",
				);
				PRODUCT_BUNDLE_IDENTIFIER = com.sanjanameduri.Tippy;
				PRODUCT_NAME = "$(TARGET_NAME)";
				TARGETED_DEVICE_FAMILY = "1,2";
			};
			name = Debug;
		};
		E4B0243F26826174002CBFDC /* Release */ = {
			isa = XCBuildConfiguration;
			buildSettings = {
				ASSETCATALOG_COMPILER_APPICON_NAME = AppIcon;
				ASSETCATALOG_COMPILER_GLOBAL_ACCENT_COLOR_NAME = AccentColor;
				CODE_SIGN_STYLE = Automatic;
				DEVELOPMENT_TEAM = 7T7B37B46A;
				INFOPLIST_FILE = Tippy/Info.plist;
				LD_RUNPATH_SEARCH_PATHS = (
					"$(inherited)",
					"@executable_path/Frameworks",
				);
				PRODUCT_BUNDLE_IDENTIFIER = com.sanjanameduri.Tippy;
				PRODUCT_NAME = "$(TARGET_NAME)";
				TARGETED_DEVICE_FAMILY = "1,2";
			};
			name = Release;
		};
		E4B0244126826174002CBFDC /* Debug */ = {
			isa = XCBuildConfiguration;
			buildSettings = {
				BUNDLE_LOADER = "$(TEST_HOST)";
				CODE_SIGN_STYLE = Automatic;
				DEVELOPMENT_TEAM = 7T7B37B46A;
				INFOPLIST_FILE = TippyTests/Info.plist;
				IPHONEOS_DEPLOYMENT_TARGET = 14.5;
				LD_RUNPATH_SEARCH_PATHS = (
					"$(inherited)",
					"@executable_path/Frameworks",
					"@loader_path/Frameworks",
				);
				PRODUCT_BUNDLE_IDENTIFIER = com.sanjanameduri.TippyTests;
				PRODUCT_NAME = "$(TARGET_NAME)";
				TARGETED_DEVICE_FAMILY = "1,2";
				TEST_HOST = "$(BUILT_PRODUCTS_DIR)/Tippy.app/Tippy";
			};
			name = Debug;
		};
		E4B0244226826174002CBFDC /* Release */ = {
			isa = XCBuildConfiguration;
			buildSettings = {
				BUNDLE_LOADER = "$(TEST_HOST)";
				CODE_SIGN_STYLE = Automatic;
				DEVELOPMENT_TEAM = 7T7B37B46A;
				INFOPLIST_FILE = TippyTests/Info.plist;
				IPHONEOS_DEPLOYMENT_TARGET = 14.5;
				LD_RUNPATH_SEARCH_PATHS = (
					"$(inherited)",
					"@executable_path/Frameworks",
					"@loader_path/Frameworks",
				);
				PRODUCT_BUNDLE_IDENTIFIER = com.sanjanameduri.TippyTests;
				PRODUCT_NAME = "$(TARGET_NAME)";
				TARGETED_DEVICE_FAMILY = "1,2";
				TEST_HOST = "$(BUILT_PRODUCTS_DIR)/Tippy.app/Tippy";
			};
			name = Release;
		};
		E4B0244426826174002CBFDC /* Debug */ = {
			isa = XCBuildConfiguration;
			buildSettings = {
				CODE_SIGN_STYLE = Automatic;
				DEVELOPMENT_TEAM = 7T7B37B46A;
				INFOPLIST_FILE = TippyUITests/Info.plist;
				LD_RUNPATH_SEARCH_PATHS = (
					"$(inherited)",
					"@executable_path/Frameworks",
					"@loader_path/Frameworks",
				);
				PRODUCT_BUNDLE_IDENTIFIER = com.sanjanameduri.TippyUITests;
				PRODUCT_NAME = "$(TARGET_NAME)";
				TARGETED_DEVICE_FAMILY = "1,2";
				TEST_TARGET_NAME = Tippy;
			};
			name = Debug;
		};
		E4B0244526826174002CBFDC /* Release */ = {
			isa = XCBuildConfiguration;
			buildSettings = {
				CODE_SIGN_STYLE = Automatic;
				DEVELOPMENT_TEAM = 7T7B37B46A;
				INFOPLIST_FILE = TippyUITests/Info.plist;
				LD_RUNPATH_SEARCH_PATHS = (
					"$(inherited)",
					"@executable_path/Frameworks",
					"@loader_path/Frameworks",
				);
				PRODUCT_BUNDLE_IDENTIFIER = com.sanjanameduri.TippyUITests;
				PRODUCT_NAME = "$(TARGET_NAME)";
				TARGETED_DEVICE_FAMILY = "1,2";
				TEST_TARGET_NAME = Tippy;
			};
			name = Release;
		};
/* End XCBuildConfiguration section */

/* Begin XCConfigurationList section */
		E4B0240926826173002CBFDC /* Build configuration list for PBXProject "Tippy" */ = {
			isa = XCConfigurationList;
			buildConfigurations = (
				E4B0243B26826174002CBFDC /* Debug */,
				E4B0243C26826174002CBFDC /* Release */,
			);
			defaultConfigurationIsVisible = 0;
			defaultConfigurationName = Release;
		};
		E4B0243D26826174002CBFDC /* Build configuration list for PBXNativeTarget "Tippy" */ = {
			isa = XCConfigurationList;
			buildConfigurations = (
				E4B0243E26826174002CBFDC /* Debug */,
				E4B0243F26826174002CBFDC /* Release */,
			);
			defaultConfigurationIsVisible = 0;
			defaultConfigurationName = Release;
		};
		E4B0244026826174002CBFDC /* Build configuration list for PBXNativeTarget "TippyTests" */ = {
			isa = XCConfigurationList;
			buildConfigurations = (
				E4B0244126826174002CBFDC /* Debug */,
				E4B0244226826174002CBFDC /* Release */,
			);
			defaultConfigurationIsVisible = 0;
			defaultConfigurationName = Release;
		};
		E4B0244326826174002CBFDC /* Build configuration list for PBXNativeTarget "TippyUITests" */ = {
			isa = XCConfigurationList;
			buildConfigurations = (
				E4B0244426826174002CBFDC /* Debug */,
				E4B0244526826174002CBFDC /* Release */,
			);
			defaultConfigurationIsVisible = 0;
			defaultConfigurationName = Release;
		};
/* End XCConfigurationList section */
	};
	rootObject = E4B0240626826173002CBFDC /* Project object */;
}
